lockfileVersion: 5.3

specifiers:
  axios: ^0.25.0
  js-yaml: ^4.1.0
  typescript: ^4.5.5

dependencies:
  axios: registry.npmmirror.com/axios/0.25.0
  js-yaml: registry.npmmirror.com/js-yaml/4.1.0
  typescript: registry.npmmirror.com/typescript/4.5.5

packages:

  registry.npmmirror.com/argparse/2.0.1:
    resolution: {integrity: sha512-8+9WqebbFzpX9OR+Wa6O29asIogeRMzcGtAINdpMHHyAg10f05aSFVBbcEqGf/PXw1EjAZ+q2/bEBg3DvurK3Q==, registry: https://registry.npm.taobao.org/, tarball: https://registry.npmmirror.com/argparse/-/argparse-2.0.1.tgz}
    name: argparse
    version: 2.0.1
    dev: false

  registry.npmmirror.com/axios/0.25.0:
    resolution: {integrity: sha512-cD8FOb0tRH3uuEe6+evtAbgJtfxr7ly3fQjYcMcuPlgkwVS9xboaVIpcDV+cYQe+yGykgwZCs1pzjntcGa6l5g==, registry: https://registry.npm.taobao.org/, tarball: https://registry.npmmirror.com/axios/-/axios-0.25.0.tgz}
    name: axios
    version: 0.25.0
    dependencies:
      follow-redirects: registry.npmmirror.com/follow-redirects/1.14.8
    transitivePeerDependencies:
      - debug
    dev: false

  registry.npmmirror.com/follow-redirects/1.14.8:
    resolution: {integrity: sha512-1x0S9UVJHsQprFcEC/qnNzBLcIxsjAV905f/UkQxbclCsoTWlacCNOpQa/anodLl2uaEKFhfWOvM2Qg77+15zA==, registry: https://registry.npm.taobao.org/, tarball: https://registry.npmmirror.com/follow-redirects/-/follow-redirects-1.14.8.tgz}
    name: follow-redirects
    version: 1.14.8
    engines: {node: '>=4.0'}
    peerDependencies:
      debug: '*'
    peerDependenciesMeta:
      debug:
        optional: true
    dev: false

  registry.npmmirror.com/js-yaml/4.1.0:
    resolution: {integrity: sha512-wpxZs9NoxZaJESJGIZTyDEaYpl0FKSA+FB9aJiyemKhMwkxQg63h4T1KJgUGHpTqPDNRcmmYLugrRjJlBtWvRA==, registry: https://registry.npm.taobao.org/, tarball: https://registry.npmmirror.com/js-yaml/-/js-yaml-4.1.0.tgz}
    name: js-yaml
    version: 4.1.0
    hasBin: true
    dependencies:
      argparse: registry.npmmirror.com/argparse/2.0.1
    dev: false

  registry.npmmirror.com/typescript/4.5.5:
    resolution: {integrity: sha512-TCTIul70LyWe6IJWT8QSYeA54WQe8EjQFU4wY52Fasj5UKx88LNYKCgBEHcOMOrFF1rKGbD8v/xcNWVUq9SymA==, registry: https://registry.npm.taobao.org/, tarball: https://registry.npmmirror.com/typescript/-/typescript-4.5.5.tgz}
    name: typescript
    version: 4.5.5
    engines: {node: '>=4.2.0'}
    hasBin: true
    dev: false
